
Microsoft Visual Studio Solution File, Format Version 12.00
# Visual Studio Version 17
VisualStudioVersion = 17.7.34221.43
MinimumVisualStudioVersion = 10.0.40219.1
Project("{FAE04EC0-301F-11D3-BF4B-00C04F79EFBC}") = "QLPhongKham", "QLPhongKham\QLPhongKham.csproj", "{E2481750-0FB6-47A2-9EEC-F34946EC16F9}"
EndProject
Global
	GlobalSection(SolutionConfigurationPlatforms) = preSolution
		Debug|Any CPU = Debug|Any CPU
		Release|Any CPU = Release|Any CPU
	EndGlobalSection
	GlobalSection(ProjectConfigurationPlatforms) = postSolution
		{E2481750-0FB6-47A2-9EEC-F34946EC16F9}.Debug|Any CPU.ActiveCfg = Debug|Any CPU
		{E2481750-0FB6-47A2-9EEC-F34946EC16F9}.Debug|Any CPU.Build.0 = Debug|Any CPU
		{E2481750-0FB6-47A2-9EEC-F34946EC16F9}.Release|Any CPU.ActiveCfg = Release|Any CPU
		{E2481750-0FB6-47A2-9EEC-F34946EC16F9}.Release|Any CPU.Build.0 = Release|Any CPU
	EndGlobalSection
	GlobalSection(SolutionProperties) = preSolution
		HideSolutionNode = FALSE
	EndGlobalSection
	GlobalSection(ExtensibilityGlobals) = postSolution
		SolutionGuid = {3DD9661E-4800-4FDE-8988-53675779538B}
	EndGlobalSection
EndGlobal
